# THIS IS AN AUTOGENERATED FILE. DO NOT EDIT THIS FILE DIRECTLY.
# yarn lockfile v1


isomorphic.js@^0.2.4:
  version "0.2.4"
  resolved "https://registry.yarnpkg.com/isomorphic.js/-/isomorphic.js-0.2.4.tgz#24ca374163ae54a7ce3b86ce63b701b91aa84969"
  integrity sha512-Y4NjZceAwaPXctwsHgNsmfuPxR8lJ3f8X7QTAkhltrX4oGIv+eTlgHLXn4tWysC9zGTi929gapnPp+8F8cg7nA==

lib0@^0.2.35, lib0@^0.2.38, lib0@^0.2.41:
  version "0.2.41"
  resolved "https://registry.yarnpkg.com/lib0/-/lib0-0.2.41.tgz#57e6e9ffa2eb7c621c891946d150af50fac035bc"
  integrity sha512-lZ0I6N81tIDgoPIlUTRhb6mNjPsG5BXIbaK/UbtjakcYnfR+O64bKtIrLXDDnfd7nAo4vpGeZ0mPzbTsNTREcg==
  dependencies:
    isomorphic.js "^0.2.4"

lodash.debounce@^4.0.8:
  version "4.0.8"
  resolved "https://registry.yarnpkg.com/lodash.debounce/-/lodash.debounce-4.0.8.tgz#82d79bff30a67c4005ffd5e2515300ad9ca4d7af"
  integrity sha1-gteb/zCmfEAF/9XiUVMArZyk168=

ws@^7.4.5:
  version "7.4.5"
  resolved "https://registry.yarnpkg.com/ws/-/ws-7.4.5.tgz#a484dd851e9beb6fdb420027e3885e8ce48986c1"
  integrity sha512-xzyu3hFvomRfXKH8vOFMU3OguG6oOvhXMo3xsGy3xWExqaM2dxBbVxuD99O7m3ZUFMvvscsZDqxfgMaRr/Nr1g==

y-protocols@^1.0.4:
  version "1.0.4"
  resolved "https://registry.yarnpkg.com/y-protocols/-/y-protocols-1.0.4.tgz#810978c6172474be87457c3bcd669e529c5ba3a1"
  integrity sha512-5/Hd6DJ5Y2SlbqLIKq86BictdOS0iAcWJZCVop8MKqx0XWwA+BbMn4538n4Z0CGjFMUGnG1kGzagk3BKGz5SvQ==
  dependencies:
    lib0 "^0.2.35"

yjs@^13.5.5:
  version "13.5.5"
  resolved "https://registry.yarnpkg.com/yjs/-/yjs-13.5.5.tgz#8a52a7354006e04a54dc62c9ffbbd7c606e20ded"
  integrity sha512-sbE4G+bSP0jw71aJ9Hqi5UxOTy8JGkObIaCSpY6krRoNqssPCWq05rqV9PQcuMqcrHD3twzko92fVaF1S3id/Q==
  dependencies:
    lib0 "^0.2.38"
