# THIS IS AN AUTOGENERATED FILE. DO NOT EDIT THIS FILE DIRECTLY.
# yarn lockfile v1


abstract-leveldown@^6.2.1, abstract-leveldown@^6.3.0:
  version "6.3.0"
  resolved "https://registry.yarnpkg.com/abstract-leveldown/-/abstract-leveldown-6.3.0.tgz#d25221d1e6612f820c35963ba4bd739928f6026a"
  integrity sha512-TU5nlYgta8YrBMNpc9FwQzRbiXsj49gsALsXadbGHt9CROPzX5fB0rWDR5mtdpOOKa5XqRFpbj1QroPAoPzVjQ==
  dependencies:
    buffer "^5.5.0"
    immediate "^3.2.3"
    level-concat-iterator "~2.0.0"
    level-supports "~1.0.0"
    xtend "~4.0.0"

abstract-leveldown@^7.0.0:
  version "7.0.0"
  resolved "https://registry.yarnpkg.com/abstract-leveldown/-/abstract-leveldown-7.0.0.tgz#1a8bc3b07f502793804d456a881dc15cedb9bc5d"
  integrity sha512-mFAi5sB/UjpNYglrQ4irzdmr2mbQtE94OJbrAYuK2yRARjH/OACinN1meOAorfnaLPMQdFymSQMlkiDm9AXXKQ==
  dependencies:
    buffer "^6.0.3"
    is-buffer "^2.0.5"
    level-concat-iterator "^3.0.0"
    level-supports "^2.0.0"
    queue-microtask "^1.2.3"

abstract-leveldown@~6.2.1, abstract-leveldown@~6.2.3:
  version "6.2.3"
  resolved "https://registry.yarnpkg.com/abstract-leveldown/-/abstract-leveldown-6.2.3.tgz#036543d87e3710f2528e47040bc3261b77a9a8eb"
  integrity sha512-BsLm5vFMRUrrLeCcRc+G0t2qOaTzpoJQLOubq2XM72eNpjF5UdU5o/5NvlNhx95XHcAvcl8OMXr4mlg/fRgUXQ==
  dependencies:
    buffer "^5.5.0"
    immediate "^3.2.3"
    level-concat-iterator "~2.0.0"
    level-supports "~1.0.0"
    xtend "~4.0.0"

aws-sdk@^2.812.0, aws-sdk@^2.896.0:
  version "2.896.0"
  resolved "https://registry.yarnpkg.com/aws-sdk/-/aws-sdk-2.896.0.tgz#5328ef20000bd7d02ea03f3b7f96dba175946142"
  integrity sha512-tX2HmKLAdVY6/DuZTniQWwSC/5Kqpu1lpWf4iCkz3wR8RdDDUMoebIBKLjrTS/IDGQ2KFnzA8mZDn93bWgt1gQ==
  dependencies:
    buffer "4.9.2"
    events "1.1.1"
    ieee754 "1.1.13"
    jmespath "0.15.0"
    querystring "0.2.0"
    sax "1.2.1"
    url "0.10.3"
    uuid "3.3.2"
    xml2js "0.4.19"

base64-js@^1.0.2, base64-js@^1.3.1:
  version "1.5.1"
  resolved "https://registry.yarnpkg.com/base64-js/-/base64-js-1.5.1.tgz#1b1b440160a5bf7ad40b650f095963481903930a"
  integrity sha512-AKpaYlHn8t4SVbOHCy+b5+KKgvR4vrsD8vbvrbiQJps7fKDTkjkDry6ji0rUJjC0kzbNePLwzxq8iypo41qeWA==

buffer@4.9.2:
  version "4.9.2"
  resolved "https://registry.yarnpkg.com/buffer/-/buffer-4.9.2.tgz#230ead344002988644841ab0244af8c44bbe3ef8"
  integrity sha512-xq+q3SRMOxGivLhBNaUdC64hDTQwejJ+H0T/NB1XMtTVEwNTrfFF3gAxiyW0Bu/xWEGhjVKgUcMhCrUy2+uCWg==
  dependencies:
    base64-js "^1.0.2"
    ieee754 "^1.1.4"
    isarray "^1.0.0"

buffer@^5.5.0, buffer@^5.6.0:
  version "5.7.1"
  resolved "https://registry.yarnpkg.com/buffer/-/buffer-5.7.1.tgz#ba62e7c13133053582197160851a8f648e99eed0"
  integrity sha512-EHcyIPBQ4BSGlvjB16k5KgAJ27CIsHY/2JBmCRReo48y9rQ3MaUzWX3KVlBa4U7MyX02HdVj0K7C3WaB3ju7FQ==
  dependencies:
    base64-js "^1.3.1"
    ieee754 "^1.1.13"

buffer@^6.0.3:
  version "6.0.3"
  resolved "https://registry.yarnpkg.com/buffer/-/buffer-6.0.3.tgz#2ace578459cc8fbe2a70aaa8f52ee63b6a74c6c6"
  integrity sha512-FTiCpNxtwiZZHEZbcbTIcZjERVICn9yq/pDFkTl95/AxzD1naBctN7YO68riM/gLSDY7sdrMby8hofADYuuqOA==
  dependencies:
    base64-js "^1.3.1"
    ieee754 "^1.2.1"

catering@^2.0.0:
  version "2.0.0"
  resolved "https://registry.yarnpkg.com/catering/-/catering-2.0.0.tgz#15ce31bcbffafbf62855ea7677b0e5d23581233d"
  integrity sha512-aD/WmxhGwUGsVPrj8C80vH7C7GphJilYVSdudoV4u16XdrLF7CVyfBmENsc4tLTVsJJzCRid8GbwJ7mcPLee6Q==

deferred-leveldown@^6.0.0:
  version "6.0.0"
  resolved "https://registry.yarnpkg.com/deferred-leveldown/-/deferred-leveldown-6.0.0.tgz#364dc436682eccbd4a25a5fd5585614770d0d3d6"
  integrity sha512-F6CLAZzNeURojlH4MCigZr54tNz+xDSi06YXsDr5uLSKeF3JKnvnQWTqd+RETh2hbWTJR3qDzGicQOWS5ZQ1BQ==
  dependencies:
    abstract-leveldown "^7.0.0"
    inherits "^2.0.3"

deferred-leveldown@~5.3.0:
  version "5.3.0"
  resolved "https://registry.yarnpkg.com/deferred-leveldown/-/deferred-leveldown-5.3.0.tgz#27a997ad95408b61161aa69bd489b86c71b78058"
  integrity sha512-a59VOT+oDy7vtAbLRCZwWgxu2BaCfd5Hk7wxJd48ei7I+nsg8Orlb9CLG0PMZienk9BSUKgeAqkO2+Lw+1+Ukw==
  dependencies:
    abstract-leveldown "~6.2.1"
    inherits "^2.0.3"

dynamodb-leveldown@^3.1.0:
  version "3.1.0"
  resolved "https://registry.yarnpkg.com/dynamodb-leveldown/-/dynamodb-leveldown-3.1.0.tgz#28d8e5617374a82a019217b256a33b154a2ed5dc"
  integrity sha512-s8QKAajavzTYR8TyBdrvaVOUPRYVq5DGHkZzTejCiG8ijo4EYNWxvVJnQcuQLbqPbhAdNfJYCu0VcfPc2XGnIg==
  dependencies:
    abstract-leveldown "^6.3.0"
    aws-sdk "^2.812.0"
    level-supports "^1.0.1"
    lodash "^4.17.20"
    through2 "^4.0.2"

encoding-down@^6.3.0:
  version "6.3.0"
  resolved "https://registry.yarnpkg.com/encoding-down/-/encoding-down-6.3.0.tgz#b1c4eb0e1728c146ecaef8e32963c549e76d082b"
  integrity sha512-QKrV0iKR6MZVJV08QY0wp1e7vF6QbhnbQhb07bwpEyuz4uZiZgPlEGdkCROuFkUwdxlFaiPIhjyarH1ee/3vhw==
  dependencies:
    abstract-leveldown "^6.2.1"
    inherits "^2.0.3"
    level-codec "^9.0.0"
    level-errors "^2.0.0"

encoding-down@^7.0.0:
  version "7.0.0"
  resolved "https://registry.yarnpkg.com/encoding-down/-/encoding-down-7.0.0.tgz#63357e0f44b4a85664d9539bd711500da70f0c63"
  integrity sha512-hor6z2W/ZrVqDYMawQp7VtfEt6BrvYw+mgjWLauUMZsIBjMt1/k5aa+JreLbtjwJdkjrZ39TU+pV5GpHPGRpog==
  dependencies:
    abstract-leveldown "^7.0.0"
    inherits "^2.0.3"
    level-codec "^10.0.0"
    level-errors "^3.0.0"

errno@^1.0.0:
  version "1.0.0"
  resolved "https://registry.yarnpkg.com/errno/-/errno-1.0.0.tgz#0ea47d701864accf996412f09e29b4dc2cf3856d"
  integrity sha512-3zV5mFS1E8/1bPxt/B0xxzI1snsg3uSCIh6Zo1qKg6iMw93hzPANk9oBFzSFBFrwuVoQuE3rLoouAUfwOAj1wQ==
  dependencies:
    prr "~1.0.1"

errno@~0.1.1:
  version "0.1.8"
  resolved "https://registry.yarnpkg.com/errno/-/errno-0.1.8.tgz#8bb3e9c7d463be4976ff888f76b4809ebc2e811f"
  integrity sha512-dJ6oBr5SQ1VSd9qkk7ByRgb/1SH4JZjCHSW/mr63/QcXO9zLVxvJ6Oy13nio03rxpSnVDDjFor75SjVeZWPW/A==
  dependencies:
    prr "~1.0.1"

events@1.1.1:
  version "1.1.1"
  resolved "https://registry.yarnpkg.com/events/-/events-1.1.1.tgz#9ebdb7635ad099c70dcc4c2a1f5004288e8bd924"
  integrity sha1-nr23Y1rQmccNzEwqH1AEKI6L2SQ=

ieee754@1.1.13:
  version "1.1.13"
  resolved "https://registry.yarnpkg.com/ieee754/-/ieee754-1.1.13.tgz#ec168558e95aa181fd87d37f55c32bbcb6708b84"
  integrity sha512-4vf7I2LYV/HaWerSo3XmlMkp5eZ83i+/CDluXi/IGTs/O1sejBNhTtnxzmRZfvOUqj7lZjqHkeTvpgSFDlWZTg==

ieee754@^1.1.13, ieee754@^1.1.4, ieee754@^1.2.1:
  version "1.2.1"
  resolved "https://registry.yarnpkg.com/ieee754/-/ieee754-1.2.1.tgz#8eb7a10a63fff25d15a57b001586d177d1b0d352"
  integrity sha512-dcyqhDvX1C46lXZcVqCpK+FtMRQVdIMN6/Df5js2zouUsqG7I6sFxitIC+7KYK29KdXOLHdu9zL4sFnoVQnqaA==

immediate@^3.2.3:
  version "3.3.0"
  resolved "https://registry.yarnpkg.com/immediate/-/immediate-3.3.0.tgz#1aef225517836bcdf7f2a2de2600c79ff0269266"
  integrity sha512-HR7EVodfFUdQCTIeySw+WDRFJlPcLOJbXfwwZ7Oom6tjsvZ3bOkCDJHehQC3nxJrv7+f9XecwazynjU8e4Vw3Q==

inherits@^2.0.3, inherits@^2.0.4:
  version "2.0.4"
  resolved "https://registry.yarnpkg.com/inherits/-/inherits-2.0.4.tgz#0fa2c64f932917c3433a0ded55363aae37416b7c"
  integrity sha512-k/vGaX4/Yla3WzyMCvTQOXYeIHvqOKtnqBduzTHpzpQZzAskKMhZ2K+EnBiSM9zGSoIFeMpXKxa4dYeZIQqewQ==

is-buffer@^2.0.5:
  version "2.0.5"
  resolved "https://registry.yarnpkg.com/is-buffer/-/is-buffer-2.0.5.tgz#ebc252e400d22ff8d77fa09888821a24a658c191"
  integrity sha512-i2R6zNFDwgEHJyQUtJEk0XFi1i0dPFn/oqjK3/vPCcDeJvW5NQ83V8QbicfF1SupOaB0h8ntgBC2YiE7dfyctQ==

isarray@^1.0.0:
  version "1.0.0"
  resolved "https://registry.yarnpkg.com/isarray/-/isarray-1.0.0.tgz#bb935d48582cba168c06834957a54a3e07124f11"
  integrity sha1-u5NdSFgsuhaMBoNJV6VKPgcSTxE=

isomorphic.js@^0.2.4:
  version "0.2.4"
  resolved "https://registry.yarnpkg.com/isomorphic.js/-/isomorphic.js-0.2.4.tgz#24ca374163ae54a7ce3b86ce63b701b91aa84969"
  integrity sha512-Y4NjZceAwaPXctwsHgNsmfuPxR8lJ3f8X7QTAkhltrX4oGIv+eTlgHLXn4tWysC9zGTi929gapnPp+8F8cg7nA==

jmespath@0.15.0:
  version "0.15.0"
  resolved "https://registry.yarnpkg.com/jmespath/-/jmespath-0.15.0.tgz#a3f222a9aae9f966f5d27c796510e28091764217"
  integrity sha1-o/Iiqarp+Wb10nx5ZRDigJF2Qhc=

level-codec@^10.0.0:
  version "10.0.0"
  resolved "https://registry.yarnpkg.com/level-codec/-/level-codec-10.0.0.tgz#f9e892770532c6cdcc83529546730791b0c62c12"
  integrity sha512-QW3VteVNAp6c/LuV6nDjg7XDXx9XHK4abmQarxZmlRSDyXYk20UdaJTSX6yzVvQ4i0JyWSB7jert0DsyD/kk6g==
  dependencies:
    buffer "^6.0.3"

level-codec@^9.0.0:
  version "9.0.2"
  resolved "https://registry.yarnpkg.com/level-codec/-/level-codec-9.0.2.tgz#fd60df8c64786a80d44e63423096ffead63d8cbc"
  integrity sha512-UyIwNb1lJBChJnGfjmO0OR+ezh2iVu1Kas3nvBS/BzGnx79dv6g7unpKIDNPMhfdTEGoc7mC8uAu51XEtX+FHQ==
  dependencies:
    buffer "^5.6.0"

level-concat-iterator@^3.0.0:
  version "3.0.0"
  resolved "https://registry.yarnpkg.com/level-concat-iterator/-/level-concat-iterator-3.0.0.tgz#416ddaf0c2ed834f006aa3124ee68906eb4769d4"
  integrity sha512-UHGiIdj+uiFQorOrURRvJF3Ei0uHc89ciM/aRi0qsWDV2f0HXypeXUPhJKL6DsONgSR76Pc0AI4sKYEYYRn2Dg==

level-concat-iterator@~2.0.0:
  version "2.0.1"
  resolved "https://registry.yarnpkg.com/level-concat-iterator/-/level-concat-iterator-2.0.1.tgz#1d1009cf108340252cb38c51f9727311193e6263"
  integrity sha512-OTKKOqeav2QWcERMJR7IS9CUo1sHnke2C0gkSmcR7QuEtFNLLzHQAvnMw8ykvEcv0Qtkg0p7FOwP1v9e5Smdcw==

level-errors@^2.0.0, level-errors@~2.0.0:
  version "2.0.1"
  resolved "https://registry.yarnpkg.com/level-errors/-/level-errors-2.0.1.tgz#2132a677bf4e679ce029f517c2f17432800c05c8"
  integrity sha512-UVprBJXite4gPS+3VznfgDSU8PTRuVX0NXwoWW50KLxd2yw4Y1t2JUR5In1itQnudZqRMT9DlAM3Q//9NCjCFw==
  dependencies:
    errno "~0.1.1"

level-errors@^3.0.0:
  version "3.0.0"
  resolved "https://registry.yarnpkg.com/level-errors/-/level-errors-3.0.0.tgz#5719f2ad9061d9f2bd7cf22e4a7def893e6d2e60"
  integrity sha512-MZXOQT061uEjxxxq4C/Jf+M3RdEKK9e3NbxlN7yOp1LDYoLVAhE2i1j0b7XqXfl8FjFtUL7phwr3Sn0wXXoMqA==
  dependencies:
    errno "^1.0.0"

level-iterator-stream@^5.0.0:
  version "5.0.0"
  resolved "https://registry.yarnpkg.com/level-iterator-stream/-/level-iterator-stream-5.0.0.tgz#85b3438e1b4c54ce5aa8c0eb973cfb628117df9e"
  integrity sha512-wnb1+o+CVFUDdiSMR/ZymE2prPs3cjVLlXuDeSq9Zb8o032XrabGEXcTCsBxprAtseO3qvFeGzh6406z9sOTRA==
  dependencies:
    inherits "^2.0.4"
    readable-stream "^3.4.0"

level-iterator-stream@~4.0.0:
  version "4.0.2"
  resolved "https://registry.yarnpkg.com/level-iterator-stream/-/level-iterator-stream-4.0.2.tgz#7ceba69b713b0d7e22fcc0d1f128ccdc8a24f79c"
  integrity sha512-ZSthfEqzGSOMWoUGhTXdX9jv26d32XJuHz/5YnuHZzH6wldfWMOVwI9TBtKcya4BKTyTt3XVA0A3cF3q5CY30Q==
  dependencies:
    inherits "^2.0.4"
    readable-stream "^3.4.0"
    xtend "^4.0.2"

level-js@^5.0.0:
  version "5.0.2"
  resolved "https://registry.yarnpkg.com/level-js/-/level-js-5.0.2.tgz#5e280b8f93abd9ef3a305b13faf0b5397c969b55"
  integrity sha512-SnBIDo2pdO5VXh02ZmtAyPP6/+6YTJg2ibLtl9C34pWvmtMEmRTWpra+qO/hifkUtBTOtfx6S9vLDjBsBK4gRg==
  dependencies:
    abstract-leveldown "~6.2.3"
    buffer "^5.5.0"
    inherits "^2.0.3"
    ltgt "^2.1.2"

level-js@^6.0.0:
  version "6.0.0"
  resolved "https://registry.yarnpkg.com/level-js/-/level-js-6.0.0.tgz#1faff0eb92ca34e4565d1f7bca7026989855625b"
  integrity sha512-7dp7JuaoQoqKW4ZGvrV1RB5f51/ktLdEo9fSDsh3Ofmg7sKCMu3X0CIngbY/IUz/YyskhN7LRvEVIkZHCY3LKQ==
  dependencies:
    abstract-leveldown "^7.0.0"
    buffer "^6.0.3"
    inherits "^2.0.3"
    ltgt "^2.1.2"

level-packager@^5.1.0:
  version "5.1.1"
  resolved "https://registry.yarnpkg.com/level-packager/-/level-packager-5.1.1.tgz#323ec842d6babe7336f70299c14df2e329c18939"
  integrity sha512-HMwMaQPlTC1IlcwT3+swhqf/NUO+ZhXVz6TY1zZIIZlIR0YSn8GtAAWmIvKjNY16ZkEg/JcpAuQskxsXqC0yOQ==
  dependencies:
    encoding-down "^6.3.0"
    levelup "^4.3.2"

level-packager@^6.0.0:
  version "6.0.0"
  resolved "https://registry.yarnpkg.com/level-packager/-/level-packager-6.0.0.tgz#1881e062d2dc694ce88101b3212d37ef90aa7a99"
  integrity sha512-me656XRWfOVqs9wc+mWckZ6Rb1GuP33ndN4ZntDXwXFspX8cGA++Y+YqJsdE/mjTiipTuxXf047Z4rV62nOVuw==
  dependencies:
    encoding-down "^7.0.0"
    levelup "^5.0.0"

level-supports@^1.0.1, level-supports@~1.0.0:
  version "1.0.1"
  resolved "https://registry.yarnpkg.com/level-supports/-/level-supports-1.0.1.tgz#2f530a596834c7301622521988e2c36bb77d122d"
  integrity sha512-rXM7GYnW8gsl1vedTJIbzOrRv85c/2uCMpiiCzO2fndd06U/kUXEEU9evYn4zFggBOg36IsBW8LzqIpETwwQzg==
  dependencies:
    xtend "^4.0.2"

level-supports@^2.0.0:
  version "2.0.0"
  resolved "https://registry.yarnpkg.com/level-supports/-/level-supports-2.0.0.tgz#b0b9f63f30c4175fb2612217144f03f3b77580d9"
  integrity sha512-8UJgzo1pvWP1wq80ZlkL19fPeK7tlyy0sBY90+2pj0x/kvzHCoLDWyuFJJMrsTn33oc7hbMkS3SkjCxMRPHWaw==

level@^6.0.1:
  version "6.0.1"
  resolved "https://registry.yarnpkg.com/level/-/level-6.0.1.tgz#dc34c5edb81846a6de5079eac15706334b0d7cd6"
  integrity sha512-psRSqJZCsC/irNhfHzrVZbmPYXDcEYhA5TVNwr+V92jF44rbf86hqGp8fiT702FyiArScYIlPSBTDUASCVNSpw==
  dependencies:
    level-js "^5.0.0"
    level-packager "^5.1.0"
    leveldown "^5.4.0"

level@^7.0.0:
  version "7.0.0"
  resolved "https://registry.yarnpkg.com/level/-/level-7.0.0.tgz#10fa2d5a0b3b21a99d33e9307c92c1270243d1ce"
  integrity sha512-QrBnjcWywalh86ms9hfizvxT5aBHrgWEu6rLChS9tFE2wwFU3aI1r0v+2SSZIyeUr4O4PFo8+sCc1kebahdhlw==
  dependencies:
    level-js "^6.0.0"
    level-packager "^6.0.0"
    leveldown "^6.0.0"

leveldown@^5.4.0:
  version "5.6.0"
  resolved "https://registry.yarnpkg.com/leveldown/-/leveldown-5.6.0.tgz#16ba937bb2991c6094e13ac5a6898ee66d3eee98"
  integrity sha512-iB8O/7Db9lPaITU1aA2txU/cBEXAt4vWwKQRrrWuS6XDgbP4QZGj9BL2aNbwb002atoQ/lIotJkfyzz+ygQnUQ==
  dependencies:
    abstract-leveldown "~6.2.1"
    napi-macros "~2.0.0"
    node-gyp-build "~4.1.0"

leveldown@^6.0.0:
  version "6.0.0"
  resolved "https://registry.yarnpkg.com/leveldown/-/leveldown-6.0.0.tgz#3ec7f00463c45f8f7c8e68248d10ab299059c7ca"
  integrity sha512-NEsyqpfdDhpFO49Zm9htNSsWixMa9Q9sUXgrBTaQNPyPo2Kx1wRctgIXMzc7tduXJqNff8QAwulv2eZDboghxQ==
  dependencies:
    abstract-leveldown "^7.0.0"
    napi-macros "~2.0.0"
    node-gyp-build "~4.2.1"

levelup@^4.3.2:
  version "4.4.0"
  resolved "https://registry.yarnpkg.com/levelup/-/levelup-4.4.0.tgz#f89da3a228c38deb49c48f88a70fb71f01cafed6"
  integrity sha512-94++VFO3qN95cM/d6eBXvd894oJE0w3cInq9USsyQzzoJxmiYzPAocNcuGCPGGjoXqDVJcr3C1jzt1TSjyaiLQ==
  dependencies:
    deferred-leveldown "~5.3.0"
    level-errors "~2.0.0"
    level-iterator-stream "~4.0.0"
    level-supports "~1.0.0"
    xtend "~4.0.0"

levelup@^5.0.0:
  version "5.0.0"
  resolved "https://registry.yarnpkg.com/levelup/-/levelup-5.0.0.tgz#7cbbfd2ffc7495b3ebd75f81f5b328eb37866c3a"
  integrity sha512-P4IKS4J17b6dzm8iI8Irv5gvOlrqJv04Lrpq1rAgZvjR2IsVSjbXQQo1LoK/PJuouxepLE8CTIiKGmHQYZnneA==
  dependencies:
    catering "^2.0.0"
    deferred-leveldown "^6.0.0"
    level-errors "^3.0.0"
    level-iterator-stream "^5.0.0"
    level-supports "^2.0.0"
    queue-microtask "^1.2.3"

lib0@^0.2.31, lib0@^0.2.35, lib0@^0.2.38, lib0@^0.2.41:
  version "0.2.41"
  resolved "https://registry.yarnpkg.com/lib0/-/lib0-0.2.41.tgz#57e6e9ffa2eb7c621c891946d150af50fac035bc"
  integrity sha512-lZ0I6N81tIDgoPIlUTRhb6mNjPsG5BXIbaK/UbtjakcYnfR+O64bKtIrLXDDnfd7nAo4vpGeZ0mPzbTsNTREcg==
  dependencies:
    isomorphic.js "^0.2.4"

lodash.debounce@^4.0.8:
  version "4.0.8"
  resolved "https://registry.yarnpkg.com/lodash.debounce/-/lodash.debounce-4.0.8.tgz#82d79bff30a67c4005ffd5e2515300ad9ca4d7af"
  integrity sha1-gteb/zCmfEAF/9XiUVMArZyk168=

lodash@^4.17.20:
  version "4.17.21"
  resolved "https://registry.yarnpkg.com/lodash/-/lodash-4.17.21.tgz#679591c564c3bffaae8454cf0b3df370c3d6911c"
  integrity sha512-v2kDEe57lecTulaDIuNTPy3Ry4gLGJ6Z1O3vE1krgXZNrsQ+LFTGHVxVjcXPs17LhbZVGedAJv8XZ1tvj5FvSg==

ltgt@^2.1.2:
  version "2.2.1"
  resolved "https://registry.yarnpkg.com/ltgt/-/ltgt-2.2.1.tgz#f35ca91c493f7b73da0e07495304f17b31f87ee5"
  integrity sha1-81ypHEk/e3PaDgdJUwTxezH4fuU=

napi-macros@~2.0.0:
  version "2.0.0"
  resolved "https://registry.yarnpkg.com/napi-macros/-/napi-macros-2.0.0.tgz#2b6bae421e7b96eb687aa6c77a7858640670001b"
  integrity sha512-A0xLykHtARfueITVDernsAWdtIMbOJgKgcluwENp3AlsKN/PloyO10HtmoqnFAQAcxPkgZN7wdfPfEd0zNGxbg==

node-gyp-build@~4.1.0:
  version "4.1.1"
  resolved "https://registry.yarnpkg.com/node-gyp-build/-/node-gyp-build-4.1.1.tgz#d7270b5d86717068d114cc57fff352f96d745feb"
  integrity sha512-dSq1xmcPDKPZ2EED2S6zw/b9NKsqzXRE6dVr8TVQnI3FJOTteUMuqF3Qqs6LZg+mLGYJWqQzMbIjMtJqTv87nQ==

node-gyp-build@~4.2.1:
  version "4.2.3"
  resolved "https://registry.yarnpkg.com/node-gyp-build/-/node-gyp-build-4.2.3.tgz#ce6277f853835f718829efb47db20f3e4d9c4739"
  integrity sha512-MN6ZpzmfNCRM+3t57PTJHgHyw/h4OWnZ6mR8P5j/uZtqQr46RRuDE/P+g3n0YR/AiYXeWixZZzaip77gdICfRg==

prr@~1.0.1:
  version "1.0.1"
  resolved "https://registry.yarnpkg.com/prr/-/prr-1.0.1.tgz#d3fc114ba06995a45ec6893f484ceb1d78f5f476"
  integrity sha1-0/wRS6BplaRexok/SEzrHXj19HY=

punycode@1.3.2:
  version "1.3.2"
  resolved "https://registry.yarnpkg.com/punycode/-/punycode-1.3.2.tgz#9653a036fb7c1ee42342f2325cceefea3926c48d"
  integrity sha1-llOgNvt8HuQjQvIyXM7v6jkmxI0=

querystring@0.2.0:
  version "0.2.0"
  resolved "https://registry.yarnpkg.com/querystring/-/querystring-0.2.0.tgz#b209849203bb25df820da756e747005878521620"
  integrity sha1-sgmEkgO7Jd+CDadW50cAWHhSFiA=

queue-microtask@^1.2.3:
  version "1.2.3"
  resolved "https://registry.yarnpkg.com/queue-microtask/-/queue-microtask-1.2.3.tgz#4929228bbc724dfac43e0efb058caf7b6cfb6243"
  integrity sha512-NuaNSa6flKT5JaSYQzJok04JzTL1CA6aGhv5rfLW3PgqA+M2ChpZQnAC8h8i4ZFkBS8X5RqkDBHA7r4hej3K9A==

readable-stream@3, readable-stream@^3.4.0:
  version "3.6.0"
  resolved "https://registry.yarnpkg.com/readable-stream/-/readable-stream-3.6.0.tgz#337bbda3adc0706bd3e024426a286d4b4b2c9198"
  integrity sha512-BViHy7LKeTz4oNnkcLJ+lVSL6vpiFeX6/d3oSH8zCW7UxP2onchk+vTGB143xuFjHS3deTgkKoXXymXqymiIdA==
  dependencies:
    inherits "^2.0.3"
    string_decoder "^1.1.1"
    util-deprecate "^1.0.1"

safe-buffer@~5.2.0:
  version "5.2.1"
  resolved "https://registry.yarnpkg.com/safe-buffer/-/safe-buffer-5.2.1.tgz#1eaf9fa9bdb1fdd4ec75f58f9cdb4e6b7827eec6"
  integrity sha512-rp3So07KcdmmKbGvgaNxQSJr7bGVSVk5S9Eq1F+ppbRo70+YeaDxkw5Dd8NPN+GD6bjnYm2VuPuCXmpuYvmCXQ==

sax@1.2.1:
  version "1.2.1"
  resolved "https://registry.yarnpkg.com/sax/-/sax-1.2.1.tgz#7b8e656190b228e81a66aea748480d828cd2d37a"
  integrity sha1-e45lYZCyKOgaZq6nSEgNgozS03o=

sax@>=0.6.0:
  version "1.2.4"
  resolved "https://registry.yarnpkg.com/sax/-/sax-1.2.4.tgz#2816234e2378bddc4e5354fab5caa895df7100d9"
  integrity sha512-NqVDv9TpANUjFm0N8uM5GxL36UgKi9/atZw+x7YFnQ8ckwFGKrl4xX4yWtrey3UJm5nP1kUbnYgLopqWNSRhWw==

string_decoder@^1.1.1:
  version "1.3.0"
  resolved "https://registry.yarnpkg.com/string_decoder/-/string_decoder-1.3.0.tgz#42f114594a46cf1a8e30b0a84f56c78c3edac21e"
  integrity sha512-hkRX8U1WjJFd8LsDJ2yQ/wWWxaopEsABU1XfkM8A+j0+85JAGppt16cr1Whg6KIbb4okU6Mql6BOj+uup/wKeA==
  dependencies:
    safe-buffer "~5.2.0"

through2@^4.0.2:
  version "4.0.2"
  resolved "https://registry.yarnpkg.com/through2/-/through2-4.0.2.tgz#a7ce3ac2a7a8b0b966c80e7c49f0484c3b239764"
  integrity sha512-iOqSav00cVxEEICeD7TjLB1sueEL+81Wpzp2bY17uZjZN0pWZPuo4suZ/61VujxmqSGFfgOcNuTZ85QJwNZQpw==
  dependencies:
    readable-stream "3"

url@0.10.3:
  version "0.10.3"
  resolved "https://registry.yarnpkg.com/url/-/url-0.10.3.tgz#021e4d9c7705f21bbf37d03ceb58767402774c64"
  integrity sha1-Ah5NnHcF8hu/N9A861h2dAJ3TGQ=
  dependencies:
    punycode "1.3.2"
    querystring "0.2.0"

util-deprecate@^1.0.1:
  version "1.0.2"
  resolved "https://registry.yarnpkg.com/util-deprecate/-/util-deprecate-1.0.2.tgz#450d4dc9fa70de732762fbd2d4a28981419a0ccf"
  integrity sha1-RQ1Nyfpw3nMnYvvS1KKJgUGaDM8=

uuid@3.3.2:
  version "3.3.2"
  resolved "https://registry.yarnpkg.com/uuid/-/uuid-3.3.2.tgz#1b4af4955eb3077c501c23872fc6513811587131"
  integrity sha512-yXJmeNaw3DnnKAOKJE51sL/ZaYfWJRl1pK9dr19YFCu0ObS231AB1/LbqTKRAQ5kw8A90rA6fr4riOUpTZvQZA==

ws@^7.4.5:
  version "7.4.5"
  resolved "https://registry.yarnpkg.com/ws/-/ws-7.4.5.tgz#a484dd851e9beb6fdb420027e3885e8ce48986c1"
  integrity sha512-xzyu3hFvomRfXKH8vOFMU3OguG6oOvhXMo3xsGy3xWExqaM2dxBbVxuD99O7m3ZUFMvvscsZDqxfgMaRr/Nr1g==

xml2js@0.4.19:
  version "0.4.19"
  resolved "https://registry.yarnpkg.com/xml2js/-/xml2js-0.4.19.tgz#686c20f213209e94abf0d1bcf1efaa291c7827a7"
  integrity sha512-esZnJZJOiJR9wWKMyuvSE1y6Dq5LCuJanqhxslH2bxM6duahNZ+HMpCLhBQGZkbX6xRf8x1Y2eJlgt2q3qo49Q==
  dependencies:
    sax ">=0.6.0"
    xmlbuilder "~9.0.1"

xmlbuilder@~9.0.1:
  version "9.0.7"
  resolved "https://registry.yarnpkg.com/xmlbuilder/-/xmlbuilder-9.0.7.tgz#132ee63d2ec5565c557e20f4c22df9aca686b10d"
  integrity sha1-Ey7mPS7FVlxVfiD0wi35rKaGsQ0=

xtend@^4.0.2, xtend@~4.0.0:
  version "4.0.2"
  resolved "https://registry.yarnpkg.com/xtend/-/xtend-4.0.2.tgz#bb72779f5fa465186b1f438f674fa347fdb5db54"
  integrity sha512-LKYU1iAXJXUgAXn9URjiu+MWhyUXHsvfp7mcuYm9dSUKK0/CjtrUwFAxD82/mCWbtLsGjFIad0wIsod4zrTAEQ==

y-leveldb@^0.1.0:
  version "0.1.0"
  resolved "https://registry.yarnpkg.com/y-leveldb/-/y-leveldb-0.1.0.tgz#8b60c1af020252445875ebc70d52666017bcb038"
  integrity sha512-sMuitVrsAUNh+0b66I42nAuW3lCmez171uP4k0ePcTAJ+c+Iw9w4Yq3wwiyrDMFXBEyQSjSF86Inc23wEvWnxw==
  dependencies:
    level "^6.0.1"
    lib0 "^0.2.31"

y-protocols@^1.0.4:
  version "1.0.4"
  resolved "https://registry.yarnpkg.com/y-protocols/-/y-protocols-1.0.4.tgz#810978c6172474be87457c3bcd669e529c5ba3a1"
  integrity sha512-5/Hd6DJ5Y2SlbqLIKq86BictdOS0iAcWJZCVop8MKqx0XWwA+BbMn4538n4Z0CGjFMUGnG1kGzagk3BKGz5SvQ==
  dependencies:
    lib0 "^0.2.35"

yjs@^13.5.5:
  version "13.5.5"
  resolved "https://registry.yarnpkg.com/yjs/-/yjs-13.5.5.tgz#8a52a7354006e04a54dc62c9ffbbd7c606e20ded"
  integrity sha512-sbE4G+bSP0jw71aJ9Hqi5UxOTy8JGkObIaCSpY6krRoNqssPCWq05rqV9PQcuMqcrHD3twzko92fVaF1S3id/Q==
  dependencies:
    lib0 "^0.2.38"
